
Microsoft Visual Studio Solution File, Format Version 12.00
# Visual Studio 15
VisualStudioVersion = 15.0.28307.572
MinimumVisualStudioVersion = 10.0.40219.1
Project("{FAE04EC0-301F-11D3-BF4B-00C04F79EFBC}") = "TDL", "TDL\TDL.csproj", "{E1B59557-FA7C-41F9-ACEA-1695B8918ED0}"
EndProject
Project("{FAE04EC0-301F-11D3-BF4B-00C04F79EFBC}") = "TDL.Tests", "TDL.Tests\TDL.Tests.csproj", "{7C5AFF60-2247-4EFD-A4A3-15D33ED71CAE}"
EndProject
Global
	GlobalSection(SolutionConfigurationPlatforms) = preSolution
		Debug|Any CPU = Debug|Any CPU
		Release|Any CPU = Release|Any CPU
	EndGlobalSection
	GlobalSection(ProjectConfigurationPlatforms) = postSolution
		{E1B59557-FA7C-41F9-ACEA-1695B8918ED0}.Debug|Any CPU.ActiveCfg = Debug|Any CPU
		{E1B59557-FA7C-41F9-ACEA-1695B8918ED0}.Debug|Any CPU.Build.0 = Debug|Any CPU
		{E1B59557-FA7C-41F9-ACEA-1695B8918ED0}.Release|Any CPU.ActiveCfg = Release|Any CPU
		{E1B59557-FA7C-41F9-ACEA-1695B8918ED0}.Release|Any CPU.Build.0 = Release|Any CPU
		{7C5AFF60-2247-4EFD-A4A3-15D33ED71CAE}.Debug|Any CPU.ActiveCfg = Debug|Any CPU
		{7C5AFF60-2247-4EFD-A4A3-15D33ED71CAE}.Debug|Any CPU.Build.0 = Debug|Any CPU
		{7C5AFF60-2247-4EFD-A4A3-15D33ED71CAE}.Release|Any CPU.ActiveCfg = Release|Any CPU
		{7C5AFF60-2247-4EFD-A4A3-15D33ED71CAE}.Release|Any CPU.Build.0 = Release|Any CPU
	EndGlobalSection
	GlobalSection(SolutionProperties) = preSolution
		HideSolutionNode = FALSE
	EndGlobalSection
	GlobalSection(ExtensibilityGlobals) = postSolution
		SolutionGuid = {E40B3E51-0D03-4732-AF7C-14EC13095B4D}
	EndGlobalSection
EndGlobal
