
Microsoft Visual Studio Solution File, Format Version 12.00
# Visual Studio 15
VisualStudioVersion = 15.0.28307.572
MinimumVisualStudioVersion = 10.0.40219.1
Project("{FAE04EC0-301F-11D3-BF4B-00C04F79EFBC}") = "TDL.Front", "TDL\TDL.Front.csproj", "{E1B59557-FA7C-41F9-ACEA-1695B8918ED0}"
	ProjectSection(ProjectDependencies) = postProject
		{BD81D2D0-3F69-4A8B-AB17-96505C6EEB5C} = {BD81D2D0-3F69-4A8B-AB17-96505C6EEB5C}
	EndProjectSection
EndProject
Project("{FAE04EC0-301F-11D3-BF4B-00C04F79EFBC}") = "TDL.Tests", "TDL.Tests\TDL.Tests.csproj", "{7C5AFF60-2247-4EFD-A4A3-15D33ED71CAE}"
EndProject
Project("{2150E333-8FDC-42A3-9474-1A3956D46DE8}") = "2.front", "2.front", "{2AC9F595-8460-4CBB-91F4-F57306439A86}"
EndProject
Project("{2150E333-8FDC-42A3-9474-1A3956D46DE8}") = "1.test", "1.test", "{0E50D072-3580-435A-B6DB-48E1C8D58658}"
EndProject
Project("{2150E333-8FDC-42A3-9474-1A3956D46DE8}") = "4.Domain", "4.Domain", "{FAD170F6-3DC9-4BA9-BEDC-31CA1C5B3458}"
EndProject
Project("{2150E333-8FDC-42A3-9474-1A3956D46DE8}") = "3.services", "3.services", "{0BD5F02B-B6ED-444D-B4E9-7DAED6F4838E}"
EndProject
Project("{FAE04EC0-301F-11D3-BF4B-00C04F79EFBC}") = "TDL.Domain", "TDL.Domain\TDL.Domain\TDL.Domain\TDL.Domain.csproj", "{99A9B3BA-3EB4-4AE7-9BEF-1198C8634D99}"
EndProject
Project("{2150E333-8FDC-42A3-9474-1A3956D46DE8}") = "5.common", "5.common", "{D27788CA-B23A-4C15-8A85-2106B54CE791}"
EndProject
Project("{FAE04EC0-301F-11D3-BF4B-00C04F79EFBC}") = "TDL.Common", "TDL.Common\TDL.Common.csproj", "{D265FFA4-C773-4333-A70D-63AB10EF6DA6}"
EndProject
Project("{FAE04EC0-301F-11D3-BF4B-00C04F79EFBC}") = "TDL.Services", "TDL.Services\TDL.Services.csproj", "{BD81D2D0-3F69-4A8B-AB17-96505C6EEB5C}"
EndProject
Project("{FAE04EC0-301F-11D3-BF4B-00C04F79EFBC}") = "TDL.TestUtilities", "TDL.TestUtilities\TDL.TestUtilities.csproj", "{6BD0F847-0DF3-464E-A9A4-A8DB8830896C}"
EndProject
Global
	GlobalSection(SolutionConfigurationPlatforms) = preSolution
		Debug|Any CPU = Debug|Any CPU
		Release|Any CPU = Release|Any CPU
	EndGlobalSection
	GlobalSection(ProjectConfigurationPlatforms) = postSolution
		{E1B59557-FA7C-41F9-ACEA-1695B8918ED0}.Debug|Any CPU.ActiveCfg = Debug|Any CPU
		{E1B59557-FA7C-41F9-ACEA-1695B8918ED0}.Debug|Any CPU.Build.0 = Debug|Any CPU
		{E1B59557-FA7C-41F9-ACEA-1695B8918ED0}.Release|Any CPU.ActiveCfg = Release|Any CPU
		{E1B59557-FA7C-41F9-ACEA-1695B8918ED0}.Release|Any CPU.Build.0 = Release|Any CPU
		{7C5AFF60-2247-4EFD-A4A3-15D33ED71CAE}.Debug|Any CPU.ActiveCfg = Debug|Any CPU
		{7C5AFF60-2247-4EFD-A4A3-15D33ED71CAE}.Debug|Any CPU.Build.0 = Debug|Any CPU
		{7C5AFF60-2247-4EFD-A4A3-15D33ED71CAE}.Release|Any CPU.ActiveCfg = Release|Any CPU
		{7C5AFF60-2247-4EFD-A4A3-15D33ED71CAE}.Release|Any CPU.Build.0 = Release|Any CPU
		{99A9B3BA-3EB4-4AE7-9BEF-1198C8634D99}.Debug|Any CPU.ActiveCfg = Debug|Any CPU
		{99A9B3BA-3EB4-4AE7-9BEF-1198C8634D99}.Debug|Any CPU.Build.0 = Debug|Any CPU
		{99A9B3BA-3EB4-4AE7-9BEF-1198C8634D99}.Release|Any CPU.ActiveCfg = Release|Any CPU
		{99A9B3BA-3EB4-4AE7-9BEF-1198C8634D99}.Release|Any CPU.Build.0 = Release|Any CPU
		{D265FFA4-C773-4333-A70D-63AB10EF6DA6}.Debug|Any CPU.ActiveCfg = Debug|Any CPU
		{D265FFA4-C773-4333-A70D-63AB10EF6DA6}.Debug|Any CPU.Build.0 = Debug|Any CPU
		{D265FFA4-C773-4333-A70D-63AB10EF6DA6}.Release|Any CPU.ActiveCfg = Release|Any CPU
		{D265FFA4-C773-4333-A70D-63AB10EF6DA6}.Release|Any CPU.Build.0 = Release|Any CPU
		{BD81D2D0-3F69-4A8B-AB17-96505C6EEB5C}.Debug|Any CPU.ActiveCfg = Debug|Any CPU
		{BD81D2D0-3F69-4A8B-AB17-96505C6EEB5C}.Debug|Any CPU.Build.0 = Debug|Any CPU
		{BD81D2D0-3F69-4A8B-AB17-96505C6EEB5C}.Release|Any CPU.ActiveCfg = Release|Any CPU
		{BD81D2D0-3F69-4A8B-AB17-96505C6EEB5C}.Release|Any CPU.Build.0 = Release|Any CPU
		{6BD0F847-0DF3-464E-A9A4-A8DB8830896C}.Debug|Any CPU.ActiveCfg = Debug|Any CPU
		{6BD0F847-0DF3-464E-A9A4-A8DB8830896C}.Debug|Any CPU.Build.0 = Debug|Any CPU
		{6BD0F847-0DF3-464E-A9A4-A8DB8830896C}.Release|Any CPU.ActiveCfg = Release|Any CPU
		{6BD0F847-0DF3-464E-A9A4-A8DB8830896C}.Release|Any CPU.Build.0 = Release|Any CPU
	EndGlobalSection
	GlobalSection(SolutionProperties) = preSolution
		HideSolutionNode = FALSE
	EndGlobalSection
	GlobalSection(NestedProjects) = preSolution
		{E1B59557-FA7C-41F9-ACEA-1695B8918ED0} = {2AC9F595-8460-4CBB-91F4-F57306439A86}
		{7C5AFF60-2247-4EFD-A4A3-15D33ED71CAE} = {0E50D072-3580-435A-B6DB-48E1C8D58658}
		{99A9B3BA-3EB4-4AE7-9BEF-1198C8634D99} = {FAD170F6-3DC9-4BA9-BEDC-31CA1C5B3458}
		{D265FFA4-C773-4333-A70D-63AB10EF6DA6} = {D27788CA-B23A-4C15-8A85-2106B54CE791}
		{BD81D2D0-3F69-4A8B-AB17-96505C6EEB5C} = {0BD5F02B-B6ED-444D-B4E9-7DAED6F4838E}
		{6BD0F847-0DF3-464E-A9A4-A8DB8830896C} = {0E50D072-3580-435A-B6DB-48E1C8D58658}
	EndGlobalSection
	GlobalSection(ExtensibilityGlobals) = postSolution
		SolutionGuid = {E40B3E51-0D03-4732-AF7C-14EC13095B4D}
	EndGlobalSection
EndGlobal
